
Microsoft Visual Studio Solution File, Format Version 12.00
# Visual Studio Version 17
VisualStudioVersion = 17.7.34031.279
MinimumVisualStudioVersion = 10.0.40219.1
Project("{FAE04EC0-301F-11D3-BF4B-00C04F79EFBC}") = "Aplicacion Notas", "Aplicacion Notas\Aplicacion Notas.csproj", "{91F1794F-BC18-4C84-B12C-7E420192D532}"
EndProject
Project("{FAE04EC0-301F-11D3-BF4B-00C04F79EFBC}") = "Dominio", "Dominio\Dominio.csproj", "{6A52F1C4-E0D8-4439-A41B-3DA4BCFD2B81}"
EndProject
Project("{FAE04EC0-301F-11D3-BF4B-00C04F79EFBC}") = "DataAccess", "DataAccess\DataAccess.csproj", "{C73915AD-B0DA-429C-9A8E-DC2B017F36A9}"
EndProject
Global
	GlobalSection(SolutionConfigurationPlatforms) = preSolution
		Debug|Any CPU = Debug|Any CPU
		Release|Any CPU = Release|Any CPU
	EndGlobalSection
	GlobalSection(ProjectConfigurationPlatforms) = postSolution
		{91F1794F-BC18-4C84-B12C-7E420192D532}.Debug|Any CPU.ActiveCfg = Debug|Any CPU
		{91F1794F-BC18-4C84-B12C-7E420192D532}.Debug|Any CPU.Build.0 = Debug|Any CPU
		{91F1794F-BC18-4C84-B12C-7E420192D532}.Release|Any CPU.ActiveCfg = Release|Any CPU
		{91F1794F-BC18-4C84-B12C-7E420192D532}.Release|Any CPU.Build.0 = Release|Any CPU
		{6A52F1C4-E0D8-4439-A41B-3DA4BCFD2B81}.Debug|Any CPU.ActiveCfg = Debug|Any CPU
		{6A52F1C4-E0D8-4439-A41B-3DA4BCFD2B81}.Debug|Any CPU.Build.0 = Debug|Any CPU
		{6A52F1C4-E0D8-4439-A41B-3DA4BCFD2B81}.Release|Any CPU.ActiveCfg = Release|Any CPU
		{6A52F1C4-E0D8-4439-A41B-3DA4BCFD2B81}.Release|Any CPU.Build.0 = Release|Any CPU
		{C73915AD-B0DA-429C-9A8E-DC2B017F36A9}.Debug|Any CPU.ActiveCfg = Debug|Any CPU
		{C73915AD-B0DA-429C-9A8E-DC2B017F36A9}.Debug|Any CPU.Build.0 = Debug|Any CPU
		{C73915AD-B0DA-429C-9A8E-DC2B017F36A9}.Release|Any CPU.ActiveCfg = Release|Any CPU
		{C73915AD-B0DA-429C-9A8E-DC2B017F36A9}.Release|Any CPU.Build.0 = Release|Any CPU
	EndGlobalSection
	GlobalSection(SolutionProperties) = preSolution
		HideSolutionNode = FALSE
	EndGlobalSection
	GlobalSection(ExtensibilityGlobals) = postSolution
		SolutionGuid = {39517CEF-D31F-406B-99B1-1A5E0A1C3C97}
	EndGlobalSection
EndGlobal
